
Microsoft Visual Studio Solution File, Format Version 12.00
# Visual Studio 15
VisualStudioVersion = 15.0.28307.421
MinimumVisualStudioVersion = 10.0.40219.1
Project("{FAE04EC0-301F-11D3-BF4B-00C04F79EFBC}") = "RelatorioApi", "src\RelatorioApi\RelatorioApi.csproj", "{5F3C301E-8146-4074-8E79-8054CD093B92}"
EndProject
Project("{FAE04EC0-301F-11D3-BF4B-00C04F79EFBC}") = "RelatorioApiTest", "test\RelatorioApiTest\RelatorioApiTest.csproj", "{CF2E4983-C659-4B30-9B44-82CFA7DB8ED5}"
EndProject
Project("{FAE04EC0-301F-11D3-BF4B-00C04F79EFBC}") = "RelatorioApi.Dominio", "src\RelatorioApi.Dominio\RelatorioApi.Dominio.csproj", "{327E2180-EE11-4BE8-9D76-8081010BDDAC}"
EndProject
Global
	GlobalSection(SolutionConfigurationPlatforms) = preSolution
		Debug|Any CPU = Debug|Any CPU
		Release|Any CPU = Release|Any CPU
	EndGlobalSection
	GlobalSection(ProjectConfigurationPlatforms) = postSolution
		{5F3C301E-8146-4074-8E79-8054CD093B92}.Debug|Any CPU.ActiveCfg = Debug|Any CPU
		{5F3C301E-8146-4074-8E79-8054CD093B92}.Debug|Any CPU.Build.0 = Debug|Any CPU
		{5F3C301E-8146-4074-8E79-8054CD093B92}.Release|Any CPU.ActiveCfg = Release|Any CPU
		{5F3C301E-8146-4074-8E79-8054CD093B92}.Release|Any CPU.Build.0 = Release|Any CPU
		{CF2E4983-C659-4B30-9B44-82CFA7DB8ED5}.Debug|Any CPU.ActiveCfg = Debug|Any CPU
		{CF2E4983-C659-4B30-9B44-82CFA7DB8ED5}.Debug|Any CPU.Build.0 = Debug|Any CPU
		{CF2E4983-C659-4B30-9B44-82CFA7DB8ED5}.Release|Any CPU.ActiveCfg = Release|Any CPU
		{CF2E4983-C659-4B30-9B44-82CFA7DB8ED5}.Release|Any CPU.Build.0 = Release|Any CPU
		{327E2180-EE11-4BE8-9D76-8081010BDDAC}.Debug|Any CPU.ActiveCfg = Debug|Any CPU
		{327E2180-EE11-4BE8-9D76-8081010BDDAC}.Debug|Any CPU.Build.0 = Debug|Any CPU
		{327E2180-EE11-4BE8-9D76-8081010BDDAC}.Release|Any CPU.ActiveCfg = Release|Any CPU
		{327E2180-EE11-4BE8-9D76-8081010BDDAC}.Release|Any CPU.Build.0 = Release|Any CPU
	EndGlobalSection
	GlobalSection(SolutionProperties) = preSolution
		HideSolutionNode = FALSE
	EndGlobalSection
	GlobalSection(ExtensibilityGlobals) = postSolution
		SolutionGuid = {ACE52F47-A815-48B2-B873-9EA6D9D8A39F}
	EndGlobalSection
EndGlobal
